
Microsoft Visual Studio Solution File, Format Version 12.00
# Visual Studio 15
VisualStudioVersion = 15.0.27130.2010
MinimumVisualStudioVersion = 10.0.40219.1
Project("{FAE04EC0-301F-11D3-BF4B-00C04F79EFBC}") = "InventoryService", "InventoryService\InventoryService.csproj", "{C935E059-18FA-4696-A54E-662CB707425E}"
EndProject
Global
	GlobalSection(SolutionConfigurationPlatforms) = preSolution
		Debug|Any CPU = Debug|Any CPU
		Release|Any CPU = Release|Any CPU
	EndGlobalSection
	GlobalSection(ProjectConfigurationPlatforms) = postSolution
		{C935E059-18FA-4696-A54E-662CB707425E}.Debug|Any CPU.ActiveCfg = Debug|Any CPU
		{C935E059-18FA-4696-A54E-662CB707425E}.Debug|Any CPU.Build.0 = Debug|Any CPU
		{C935E059-18FA-4696-A54E-662CB707425E}.Release|Any CPU.ActiveCfg = Release|Any CPU
		{C935E059-18FA-4696-A54E-662CB707425E}.Release|Any CPU.Build.0 = Release|Any CPU
	EndGlobalSection
	GlobalSection(SolutionProperties) = preSolution
		HideSolutionNode = FALSE
	EndGlobalSection
	GlobalSection(ExtensibilityGlobals) = postSolution
		SolutionGuid = {0D516B30-1EC8-4BE0-96AC-6C712A4AA3FA}
	EndGlobalSection
EndGlobal
